
Microsoft Visual Studio Solution File, Format Version 12.00
# Visual Studio Version 17
VisualStudioVersion = 17.6.33723.286
MinimumVisualStudioVersion = 10.0.40219.1
Project("{2150E333-8FDC-42A3-9474-1A3956D46DE8}") = "Src", "Src", "{1DF9281D-DA55-42C3-92B6-23FF7C1C5E0B}"
EndProject
Project("{2150E333-8FDC-42A3-9474-1A3956D46DE8}") = "Core", "Core", "{48C8A3C8-3AFD-411C-90B3-B95EF6CE0420}"
EndProject
Project("{2150E333-8FDC-42A3-9474-1A3956D46DE8}") = "External", "External", "{7E5124A3-2533-454E-8E54-A215E027D1A7}"
EndProject
Project("{9A19103F-16F7-4668-BE54-9A1E7A4F7556}") = "Domain", "Domain\Domain.csproj", "{27B006FA-C0C8-43E2-B96D-4C451215AB87}"
EndProject
Project("{9A19103F-16F7-4668-BE54-9A1E7A4F7556}") = "Application", "Application\Application.csproj", "{DEB51246-46A5-4E18-8FD5-F6AA0E7D4A28}"
EndProject
Project("{9A19103F-16F7-4668-BE54-9A1E7A4F7556}") = "Infrastructure", "Infrastructure\Infrastructure.csproj", "{CA6813F6-A27A-445D-94C0-AA730493B9FC}"
EndProject
Project("{9A19103F-16F7-4668-BE54-9A1E7A4F7556}") = "WebApi", "WebApi\WebApi.csproj", "{15297165-8F3C-401B-AB4C-DA852EE189E9}"
EndProject
Project("{2150E333-8FDC-42A3-9474-1A3956D46DE8}") = "Testing", "Testing", "{8CE84515-540C-42F9-B93F-DB992F49B4A0}"
EndProject
Project("{2150E333-8FDC-42A3-9474-1A3956D46DE8}") = "Elementos de la solución", "Elementos de la solución", "{40CA6AE7-FD8B-4018-8BEE-78DFBF35A82E}"
	ProjectSection(SolutionItems) = preProject
		script\docker-compose.yml = script\docker-compose.yml
	EndProjectSection
EndProject
Project("{FAE04EC0-301F-11D3-BF4B-00C04F79EFBC}") = "QvisionTest", "QvisionTest\QvisionTest.csproj", "{EA018646-061D-4438-9C4D-4CA668FAAC38}"
EndProject
Global
	GlobalSection(SolutionConfigurationPlatforms) = preSolution
		Debug|Any CPU = Debug|Any CPU
		Release|Any CPU = Release|Any CPU
	EndGlobalSection
	GlobalSection(ProjectConfigurationPlatforms) = postSolution
		{27B006FA-C0C8-43E2-B96D-4C451215AB87}.Debug|Any CPU.ActiveCfg = Debug|Any CPU
		{27B006FA-C0C8-43E2-B96D-4C451215AB87}.Debug|Any CPU.Build.0 = Debug|Any CPU
		{27B006FA-C0C8-43E2-B96D-4C451215AB87}.Release|Any CPU.ActiveCfg = Release|Any CPU
		{27B006FA-C0C8-43E2-B96D-4C451215AB87}.Release|Any CPU.Build.0 = Release|Any CPU
		{DEB51246-46A5-4E18-8FD5-F6AA0E7D4A28}.Debug|Any CPU.ActiveCfg = Debug|Any CPU
		{DEB51246-46A5-4E18-8FD5-F6AA0E7D4A28}.Debug|Any CPU.Build.0 = Debug|Any CPU
		{DEB51246-46A5-4E18-8FD5-F6AA0E7D4A28}.Release|Any CPU.ActiveCfg = Release|Any CPU
		{DEB51246-46A5-4E18-8FD5-F6AA0E7D4A28}.Release|Any CPU.Build.0 = Release|Any CPU
		{CA6813F6-A27A-445D-94C0-AA730493B9FC}.Debug|Any CPU.ActiveCfg = Debug|Any CPU
		{CA6813F6-A27A-445D-94C0-AA730493B9FC}.Debug|Any CPU.Build.0 = Debug|Any CPU
		{CA6813F6-A27A-445D-94C0-AA730493B9FC}.Release|Any CPU.ActiveCfg = Release|Any CPU
		{CA6813F6-A27A-445D-94C0-AA730493B9FC}.Release|Any CPU.Build.0 = Release|Any CPU
		{15297165-8F3C-401B-AB4C-DA852EE189E9}.Debug|Any CPU.ActiveCfg = Debug|Any CPU
		{15297165-8F3C-401B-AB4C-DA852EE189E9}.Debug|Any CPU.Build.0 = Debug|Any CPU
		{15297165-8F3C-401B-AB4C-DA852EE189E9}.Release|Any CPU.ActiveCfg = Release|Any CPU
		{15297165-8F3C-401B-AB4C-DA852EE189E9}.Release|Any CPU.Build.0 = Release|Any CPU
		{EA018646-061D-4438-9C4D-4CA668FAAC38}.Debug|Any CPU.ActiveCfg = Debug|Any CPU
		{EA018646-061D-4438-9C4D-4CA668FAAC38}.Debug|Any CPU.Build.0 = Debug|Any CPU
		{EA018646-061D-4438-9C4D-4CA668FAAC38}.Release|Any CPU.ActiveCfg = Release|Any CPU
		{EA018646-061D-4438-9C4D-4CA668FAAC38}.Release|Any CPU.Build.0 = Release|Any CPU
	EndGlobalSection
	GlobalSection(SolutionProperties) = preSolution
		HideSolutionNode = FALSE
	EndGlobalSection
	GlobalSection(NestedProjects) = preSolution
		{48C8A3C8-3AFD-411C-90B3-B95EF6CE0420} = {1DF9281D-DA55-42C3-92B6-23FF7C1C5E0B}
		{7E5124A3-2533-454E-8E54-A215E027D1A7} = {1DF9281D-DA55-42C3-92B6-23FF7C1C5E0B}
		{27B006FA-C0C8-43E2-B96D-4C451215AB87} = {48C8A3C8-3AFD-411C-90B3-B95EF6CE0420}
		{DEB51246-46A5-4E18-8FD5-F6AA0E7D4A28} = {48C8A3C8-3AFD-411C-90B3-B95EF6CE0420}
		{CA6813F6-A27A-445D-94C0-AA730493B9FC} = {7E5124A3-2533-454E-8E54-A215E027D1A7}
		{15297165-8F3C-401B-AB4C-DA852EE189E9} = {7E5124A3-2533-454E-8E54-A215E027D1A7}
		{EA018646-061D-4438-9C4D-4CA668FAAC38} = {8CE84515-540C-42F9-B93F-DB992F49B4A0}
	EndGlobalSection
	GlobalSection(ExtensibilityGlobals) = postSolution
		SolutionGuid = {AB09C113-318E-4932-A2ED-29069E8A7DAB}
	EndGlobalSection
EndGlobal
